
Microsoft Visual Studio Solution File, Format Version 12.00
# Visual Studio Version 16
VisualStudioVersion = 16.0.31624.102
MinimumVisualStudioVersion = 10.0.40219.1
Project("{9A19103F-16F7-4668-BE54-9A1E7A4F7556}") = "Entities", "Entities\Entities.csproj", "{2017D46F-765F-46C7-8C0C-95D0FE44CE17}"
EndProject
Project("{9A19103F-16F7-4668-BE54-9A1E7A4F7556}") = "DataAccess", "DataAccess\DataAccess.csproj", "{E9EA1E0B-0A23-43BA-857A-03BEFD4EAA07}"
EndProject
Project("{9A19103F-16F7-4668-BE54-9A1E7A4F7556}") = "Business", "Business\Business.csproj", "{48D77DCB-93D8-4B4C-BBA4-E60CEA03487F}"
EndProject
Project("{9A19103F-16F7-4668-BE54-9A1E7A4F7556}") = "ConsoleUI", "ConsoleUI\ConsoleUI.csproj", "{290A32DD-0B4F-4120-90E8-07B73E5DCD32}"
EndProject
Project("{9A19103F-16F7-4668-BE54-9A1E7A4F7556}") = "Core", "..\FinalProject\Core\Core.csproj", "{A9FFD30F-EDB2-48CA-85D9-E0755F96265C}"
EndProject
Global
	GlobalSection(SolutionConfigurationPlatforms) = preSolution
		Debug|Any CPU = Debug|Any CPU
		Release|Any CPU = Release|Any CPU
	EndGlobalSection
	GlobalSection(ProjectConfigurationPlatforms) = postSolution
		{2017D46F-765F-46C7-8C0C-95D0FE44CE17}.Debug|Any CPU.ActiveCfg = Debug|Any CPU
		{2017D46F-765F-46C7-8C0C-95D0FE44CE17}.Debug|Any CPU.Build.0 = Debug|Any CPU
		{2017D46F-765F-46C7-8C0C-95D0FE44CE17}.Release|Any CPU.ActiveCfg = Release|Any CPU
		{2017D46F-765F-46C7-8C0C-95D0FE44CE17}.Release|Any CPU.Build.0 = Release|Any CPU
		{E9EA1E0B-0A23-43BA-857A-03BEFD4EAA07}.Debug|Any CPU.ActiveCfg = Debug|Any CPU
		{E9EA1E0B-0A23-43BA-857A-03BEFD4EAA07}.Debug|Any CPU.Build.0 = Debug|Any CPU
		{E9EA1E0B-0A23-43BA-857A-03BEFD4EAA07}.Release|Any CPU.ActiveCfg = Release|Any CPU
		{E9EA1E0B-0A23-43BA-857A-03BEFD4EAA07}.Release|Any CPU.Build.0 = Release|Any CPU
		{48D77DCB-93D8-4B4C-BBA4-E60CEA03487F}.Debug|Any CPU.ActiveCfg = Debug|Any CPU
		{48D77DCB-93D8-4B4C-BBA4-E60CEA03487F}.Debug|Any CPU.Build.0 = Debug|Any CPU
		{48D77DCB-93D8-4B4C-BBA4-E60CEA03487F}.Release|Any CPU.ActiveCfg = Release|Any CPU
		{48D77DCB-93D8-4B4C-BBA4-E60CEA03487F}.Release|Any CPU.Build.0 = Release|Any CPU
		{290A32DD-0B4F-4120-90E8-07B73E5DCD32}.Debug|Any CPU.ActiveCfg = Debug|Any CPU
		{290A32DD-0B4F-4120-90E8-07B73E5DCD32}.Debug|Any CPU.Build.0 = Debug|Any CPU
		{290A32DD-0B4F-4120-90E8-07B73E5DCD32}.Release|Any CPU.ActiveCfg = Release|Any CPU
		{290A32DD-0B4F-4120-90E8-07B73E5DCD32}.Release|Any CPU.Build.0 = Release|Any CPU
		{A9FFD30F-EDB2-48CA-85D9-E0755F96265C}.Debug|Any CPU.ActiveCfg = Debug|Any CPU
		{A9FFD30F-EDB2-48CA-85D9-E0755F96265C}.Debug|Any CPU.Build.0 = Debug|Any CPU
		{A9FFD30F-EDB2-48CA-85D9-E0755F96265C}.Release|Any CPU.ActiveCfg = Release|Any CPU
		{A9FFD30F-EDB2-48CA-85D9-E0755F96265C}.Release|Any CPU.Build.0 = Release|Any CPU
	EndGlobalSection
	GlobalSection(SolutionProperties) = preSolution
		HideSolutionNode = FALSE
	EndGlobalSection
	GlobalSection(ExtensibilityGlobals) = postSolution
		SolutionGuid = {7049EB71-6033-4E0C-9A10-B5F3F7C952E4}
	EndGlobalSection
EndGlobal
